
Microsoft Visual Studio Solution File, Format Version 12.00
# Visual Studio 14
VisualStudioVersion = 14.0.25420.1
MinimumVisualStudioVersion = 10.0.40219.1
Project("{FAE04EC0-301F-11D3-BF4B-00C04F79EFBC}") = "Haytham_Monitor", "Haytham_Monitor\Haytham_Monitor.csproj", "{FC3FDFE3-F0AA-4307-A198-78004C1C2CA5}"
EndProject
Project("{FAE04EC0-301F-11D3-BF4B-00C04F79EFBC}") = "Haytham_SimpleClient", "Haytham_SimpleClient\Haytham_SimpleClient.csproj", "{5E2F9172-9F78-4063-9FB7-7BF72E79D323}"
EndProject
Project("{FAE04EC0-301F-11D3-BF4B-00C04F79EFBC}") = "Haytham_RecipeDemo", "Haytham_RecipeDemo\Haytham_RecipeDemo.csproj", "{9A6037CD-A100-4EDE-AD97-3C3C1449DC9C}"
EndProject
Project("{FAE04EC0-301F-11D3-BF4B-00C04F79EFBC}") = "Haytham_SerialPortSwitch", "Haytham_SerialPortSwitch\Haytham_SerialPortSwitch.csproj", "{4450EF92-0007-4B73-AD40-A2946CF0D1C9}"
EndProject
Project("{FAE04EC0-301F-11D3-BF4B-00C04F79EFBC}") = "Haytham_SerialPortTV(LG55LE550)", "Haytham_SerialPortTV(LG55LE550)\Haytham_SerialPortTV(LG55LE550).csproj", "{83B95580-0608-41DF-BDFB-56100622BD37}"
EndProject
Project("{FAE04EC0-301F-11D3-BF4B-00C04F79EFBC}") = "Haytham_3dDisplay", "Haytham_3dDisplay\Haytham_3dDisplay.csproj", "{C462E526-4F61-45F8-9883-E455E67F9753}"
EndProject
Project("{FAE04EC0-301F-11D3-BF4B-00C04F79EFBC}") = "Haytham_TrackerPod", "Haytham_TrackerPod\Haytham_TrackerPod\Haytham_TrackerPod.csproj", "{1F3371F5-0E83-4219-887D-B296EAF551E3}"
EndProject
Project("{FAE04EC0-301F-11D3-BF4B-00C04F79EFBC}") = "Haytham_Roomba", "Haytham_Roomba\Haytham_Roomba\Haytham_Roomba.csproj", "{61144FEE-891A-46B9-BE27-B197AC4C4D60}"
EndProject
Project("{FAE04EC0-301F-11D3-BF4B-00C04F79EFBC}") = "Haytham.ExtData", "..\HaythamServer\Haytham_Server\Haytahm.ExtData\Haytham.ExtData.csproj", "{B0E40776-614C-43C2-88AF-AE2B93E25100}"
EndProject
Global
	GlobalSection(SolutionConfigurationPlatforms) = preSolution
		Debug|x64 = Debug|x64
		Debug|x86 = Debug|x86
		Release|x64 = Release|x64
		Release|x86 = Release|x86
	EndGlobalSection
	GlobalSection(ProjectConfigurationPlatforms) = postSolution
		{FC3FDFE3-F0AA-4307-A198-78004C1C2CA5}.Debug|x64.ActiveCfg = Debug|x64
		{FC3FDFE3-F0AA-4307-A198-78004C1C2CA5}.Debug|x64.Build.0 = Debug|x64
		{FC3FDFE3-F0AA-4307-A198-78004C1C2CA5}.Debug|x86.ActiveCfg = Debug|x86
		{FC3FDFE3-F0AA-4307-A198-78004C1C2CA5}.Debug|x86.Build.0 = Debug|x86
		{FC3FDFE3-F0AA-4307-A198-78004C1C2CA5}.Release|x64.ActiveCfg = Release|x64
		{FC3FDFE3-F0AA-4307-A198-78004C1C2CA5}.Release|x64.Build.0 = Release|x64
		{FC3FDFE3-F0AA-4307-A198-78004C1C2CA5}.Release|x86.ActiveCfg = Release|x86
		{FC3FDFE3-F0AA-4307-A198-78004C1C2CA5}.Release|x86.Build.0 = Release|x86
		{5E2F9172-9F78-4063-9FB7-7BF72E79D323}.Debug|x64.ActiveCfg = Debug|x64
		{5E2F9172-9F78-4063-9FB7-7BF72E79D323}.Debug|x64.Build.0 = Debug|x64
		{5E2F9172-9F78-4063-9FB7-7BF72E79D323}.Debug|x86.ActiveCfg = Debug|x86
		{5E2F9172-9F78-4063-9FB7-7BF72E79D323}.Debug|x86.Build.0 = Debug|x86
		{5E2F9172-9F78-4063-9FB7-7BF72E79D323}.Release|x64.ActiveCfg = Release|x64
		{5E2F9172-9F78-4063-9FB7-7BF72E79D323}.Release|x64.Build.0 = Release|x64
		{5E2F9172-9F78-4063-9FB7-7BF72E79D323}.Release|x86.ActiveCfg = Release|x86
		{5E2F9172-9F78-4063-9FB7-7BF72E79D323}.Release|x86.Build.0 = Release|x86
		{9A6037CD-A100-4EDE-AD97-3C3C1449DC9C}.Debug|x64.ActiveCfg = Debug|x64
		{9A6037CD-A100-4EDE-AD97-3C3C1449DC9C}.Debug|x64.Build.0 = Debug|x64
		{9A6037CD-A100-4EDE-AD97-3C3C1449DC9C}.Debug|x86.ActiveCfg = Debug|x86
		{9A6037CD-A100-4EDE-AD97-3C3C1449DC9C}.Debug|x86.Build.0 = Debug|x86
		{9A6037CD-A100-4EDE-AD97-3C3C1449DC9C}.Release|x64.ActiveCfg = Release|x64
		{9A6037CD-A100-4EDE-AD97-3C3C1449DC9C}.Release|x64.Build.0 = Release|x64
		{9A6037CD-A100-4EDE-AD97-3C3C1449DC9C}.Release|x86.ActiveCfg = Release|x86
		{9A6037CD-A100-4EDE-AD97-3C3C1449DC9C}.Release|x86.Build.0 = Release|x86
		{4450EF92-0007-4B73-AD40-A2946CF0D1C9}.Debug|x64.ActiveCfg = Debug|x64
		{4450EF92-0007-4B73-AD40-A2946CF0D1C9}.Debug|x64.Build.0 = Debug|x64
		{4450EF92-0007-4B73-AD40-A2946CF0D1C9}.Debug|x86.ActiveCfg = Debug|x86
		{4450EF92-0007-4B73-AD40-A2946CF0D1C9}.Debug|x86.Build.0 = Debug|x86
		{4450EF92-0007-4B73-AD40-A2946CF0D1C9}.Release|x64.ActiveCfg = Release|x64
		{4450EF92-0007-4B73-AD40-A2946CF0D1C9}.Release|x64.Build.0 = Release|x64
		{4450EF92-0007-4B73-AD40-A2946CF0D1C9}.Release|x86.ActiveCfg = Release|x86
		{4450EF92-0007-4B73-AD40-A2946CF0D1C9}.Release|x86.Build.0 = Release|x86
		{83B95580-0608-41DF-BDFB-56100622BD37}.Debug|x64.ActiveCfg = Debug|x64
		{83B95580-0608-41DF-BDFB-56100622BD37}.Debug|x64.Build.0 = Debug|x64
		{83B95580-0608-41DF-BDFB-56100622BD37}.Debug|x86.ActiveCfg = Debug|x86
		{83B95580-0608-41DF-BDFB-56100622BD37}.Debug|x86.Build.0 = Debug|x86
		{83B95580-0608-41DF-BDFB-56100622BD37}.Release|x64.ActiveCfg = Release|x64
		{83B95580-0608-41DF-BDFB-56100622BD37}.Release|x64.Build.0 = Release|x64
		{83B95580-0608-41DF-BDFB-56100622BD37}.Release|x86.ActiveCfg = Release|x86
		{83B95580-0608-41DF-BDFB-56100622BD37}.Release|x86.Build.0 = Release|x86
		{C462E526-4F61-45F8-9883-E455E67F9753}.Debug|x64.ActiveCfg = Debug|x86
		{C462E526-4F61-45F8-9883-E455E67F9753}.Debug|x86.ActiveCfg = Debug|x86
		{C462E526-4F61-45F8-9883-E455E67F9753}.Debug|x86.Build.0 = Debug|x86
		{C462E526-4F61-45F8-9883-E455E67F9753}.Release|x64.ActiveCfg = Release|x86
		{C462E526-4F61-45F8-9883-E455E67F9753}.Release|x86.ActiveCfg = Release|x86
		{C462E526-4F61-45F8-9883-E455E67F9753}.Release|x86.Build.0 = Release|x86
		{1F3371F5-0E83-4219-887D-B296EAF551E3}.Debug|x64.ActiveCfg = Debug|x86
		{1F3371F5-0E83-4219-887D-B296EAF551E3}.Debug|x86.ActiveCfg = Debug|x86
		{1F3371F5-0E83-4219-887D-B296EAF551E3}.Debug|x86.Build.0 = Debug|x86
		{1F3371F5-0E83-4219-887D-B296EAF551E3}.Release|x64.ActiveCfg = Release|x86
		{1F3371F5-0E83-4219-887D-B296EAF551E3}.Release|x86.ActiveCfg = Release|x86
		{1F3371F5-0E83-4219-887D-B296EAF551E3}.Release|x86.Build.0 = Release|x86
		{61144FEE-891A-46B9-BE27-B197AC4C4D60}.Debug|x64.ActiveCfg = Debug|x64
		{61144FEE-891A-46B9-BE27-B197AC4C4D60}.Debug|x64.Build.0 = Debug|x64
		{61144FEE-891A-46B9-BE27-B197AC4C4D60}.Debug|x86.ActiveCfg = Debug|x86
		{61144FEE-891A-46B9-BE27-B197AC4C4D60}.Debug|x86.Build.0 = Debug|x86
		{61144FEE-891A-46B9-BE27-B197AC4C4D60}.Release|x64.ActiveCfg = Release|x64
		{61144FEE-891A-46B9-BE27-B197AC4C4D60}.Release|x64.Build.0 = Release|x64
		{61144FEE-891A-46B9-BE27-B197AC4C4D60}.Release|x86.ActiveCfg = Release|x86
		{61144FEE-891A-46B9-BE27-B197AC4C4D60}.Release|x86.Build.0 = Release|x86
		{B0E40776-614C-43C2-88AF-AE2B93E25100}.Debug|x64.ActiveCfg = Debug|x64
		{B0E40776-614C-43C2-88AF-AE2B93E25100}.Debug|x64.Build.0 = Debug|x64
		{B0E40776-614C-43C2-88AF-AE2B93E25100}.Debug|x86.ActiveCfg = Debug|x86
		{B0E40776-614C-43C2-88AF-AE2B93E25100}.Debug|x86.Build.0 = Debug|x86
		{B0E40776-614C-43C2-88AF-AE2B93E25100}.Release|x64.ActiveCfg = Release|x64
		{B0E40776-614C-43C2-88AF-AE2B93E25100}.Release|x64.Build.0 = Release|x64
		{B0E40776-614C-43C2-88AF-AE2B93E25100}.Release|x86.ActiveCfg = Release|x86
		{B0E40776-614C-43C2-88AF-AE2B93E25100}.Release|x86.Build.0 = Release|x86
	EndGlobalSection
	GlobalSection(SolutionProperties) = preSolution
		HideSolutionNode = FALSE
	EndGlobalSection
EndGlobal
