
Microsoft Visual Studio Solution File, Format Version 11.00
# Visual Studio 2010
Project("{FAE04EC0-301F-11D3-BF4B-00C04F79EFBC}") = "Haytham", "Haytham\Haytham.csproj", "{6CD8C5E4-4EBB-48A6-ACF5-AF48BF3FA924}"
EndProject
Global
	GlobalSection(SolutionConfigurationPlatforms) = preSolution
		Debug|Any CPU = Debug|Any CPU
		Release|Any CPU = Release|Any CPU
	EndGlobalSection
	GlobalSection(ProjectConfigurationPlatforms) = postSolution
		{6CD8C5E4-4EBB-48A6-ACF5-AF48BF3FA924}.Debug|Any CPU.ActiveCfg = Debug|Any CPU
		{6CD8C5E4-4EBB-48A6-ACF5-AF48BF3FA924}.Debug|Any CPU.Build.0 = Debug|Any CPU
		{6CD8C5E4-4EBB-48A6-ACF5-AF48BF3FA924}.Release|Any CPU.ActiveCfg = Release|Any CPU
		{6CD8C5E4-4EBB-48A6-ACF5-AF48BF3FA924}.Release|Any CPU.Build.0 = Release|Any CPU
	EndGlobalSection
	GlobalSection(SolutionProperties) = preSolution
		HideSolutionNode = FALSE
	EndGlobalSection
EndGlobal
