
Microsoft Visual Studio Solution File, Format Version 11.00
# Visual Studio 2010
Project("{FAE04EC0-301F-11D3-BF4B-00C04F79EFBC}") = "RoombaControl", "RoombaControl\RoombaControl.csproj", "{3F22F5D6-E715-432A-BBE4-4A8F3D3F2962}"
EndProject
Global
	GlobalSection(SolutionConfigurationPlatforms) = preSolution
		Debug|Any CPU = Debug|Any CPU
		Release|Any CPU = Release|Any CPU
	EndGlobalSection
	GlobalSection(ProjectConfigurationPlatforms) = postSolution
		{3F22F5D6-E715-432A-BBE4-4A8F3D3F2962}.Debug|Any CPU.ActiveCfg = Debug|Any CPU
		{3F22F5D6-E715-432A-BBE4-4A8F3D3F2962}.Debug|Any CPU.Build.0 = Debug|Any CPU
		{3F22F5D6-E715-432A-BBE4-4A8F3D3F2962}.Release|Any CPU.ActiveCfg = Release|Any CPU
		{3F22F5D6-E715-432A-BBE4-4A8F3D3F2962}.Release|Any CPU.Build.0 = Release|Any CPU
	EndGlobalSection
	GlobalSection(SolutionProperties) = preSolution
		HideSolutionNode = FALSE
	EndGlobalSection
EndGlobal
