
Microsoft Visual Studio Solution File, Format Version 12.00
# Visual Studio 14
VisualStudioVersion = 14.0.25420.1
MinimumVisualStudioVersion = 10.0.40219.1
Project("{FAE04EC0-301F-11D3-BF4B-00C04F79EFBC}") = "Haytham", "Haytham\Haytham.csproj", "{6CD8C5E4-4EBB-48A6-ACF5-AF48BF3FA924}"
EndProject
Project("{FAE04EC0-301F-11D3-BF4B-00C04F79EFBC}") = "Haytham.ExtData", "Haytahm.ExtData\Haytham.ExtData.csproj", "{B0E40776-614C-43C2-88AF-AE2B93E25100}"
EndProject
Project("{FAE04EC0-301F-11D3-BF4B-00C04F79EFBC}") = "Haytham.TestExtData", "Haytham.TestExtData\Haytham.TestExtData.csproj", "{8D62CF22-DB29-455F-918C-0E1419870203}"
EndProject
Project("{FAE04EC0-301F-11D3-BF4B-00C04F79EFBC}") = "zxing", "ZXing\zxing.csproj", "{6431CF13-7A7B-4602-B96A-47CDA6F0B008}"
EndProject
Global
	GlobalSection(SolutionConfigurationPlatforms) = preSolution
		Debug|Any CPU = Debug|Any CPU
		Debug|x64 = Debug|x64
		Debug|x86 = Debug|x86
		Release|Any CPU = Release|Any CPU
		Release|x64 = Release|x64
		Release|x86 = Release|x86
	EndGlobalSection
	GlobalSection(ProjectConfigurationPlatforms) = postSolution
		{6CD8C5E4-4EBB-48A6-ACF5-AF48BF3FA924}.Debug|Any CPU.ActiveCfg = Debug|Any CPU
		{6CD8C5E4-4EBB-48A6-ACF5-AF48BF3FA924}.Debug|Any CPU.Build.0 = Debug|Any CPU
		{6CD8C5E4-4EBB-48A6-ACF5-AF48BF3FA924}.Debug|x64.ActiveCfg = Debug|x64
		{6CD8C5E4-4EBB-48A6-ACF5-AF48BF3FA924}.Debug|x64.Build.0 = Debug|x64
		{6CD8C5E4-4EBB-48A6-ACF5-AF48BF3FA924}.Debug|x86.ActiveCfg = Debug|x86
		{6CD8C5E4-4EBB-48A6-ACF5-AF48BF3FA924}.Debug|x86.Build.0 = Debug|x86
		{6CD8C5E4-4EBB-48A6-ACF5-AF48BF3FA924}.Release|Any CPU.ActiveCfg = Release|x64
		{6CD8C5E4-4EBB-48A6-ACF5-AF48BF3FA924}.Release|Any CPU.Build.0 = Release|x64
		{6CD8C5E4-4EBB-48A6-ACF5-AF48BF3FA924}.Release|x64.ActiveCfg = Release|x64
		{6CD8C5E4-4EBB-48A6-ACF5-AF48BF3FA924}.Release|x64.Build.0 = Release|x64
		{6CD8C5E4-4EBB-48A6-ACF5-AF48BF3FA924}.Release|x86.ActiveCfg = Release|x86
		{6CD8C5E4-4EBB-48A6-ACF5-AF48BF3FA924}.Release|x86.Build.0 = Release|x86
		{B0E40776-614C-43C2-88AF-AE2B93E25100}.Debug|Any CPU.ActiveCfg = Debug|Any CPU
		{B0E40776-614C-43C2-88AF-AE2B93E25100}.Debug|Any CPU.Build.0 = Debug|Any CPU
		{B0E40776-614C-43C2-88AF-AE2B93E25100}.Debug|x64.ActiveCfg = Debug|x64
		{B0E40776-614C-43C2-88AF-AE2B93E25100}.Debug|x64.Build.0 = Debug|x64
		{B0E40776-614C-43C2-88AF-AE2B93E25100}.Debug|x86.ActiveCfg = Debug|x86
		{B0E40776-614C-43C2-88AF-AE2B93E25100}.Debug|x86.Build.0 = Debug|x86
		{B0E40776-614C-43C2-88AF-AE2B93E25100}.Release|Any CPU.ActiveCfg = Release|x64
		{B0E40776-614C-43C2-88AF-AE2B93E25100}.Release|Any CPU.Build.0 = Release|x64
		{B0E40776-614C-43C2-88AF-AE2B93E25100}.Release|x64.ActiveCfg = Release|x64
		{B0E40776-614C-43C2-88AF-AE2B93E25100}.Release|x64.Build.0 = Release|x64
		{B0E40776-614C-43C2-88AF-AE2B93E25100}.Release|x86.ActiveCfg = Release|x86
		{B0E40776-614C-43C2-88AF-AE2B93E25100}.Release|x86.Build.0 = Release|x86
		{8D62CF22-DB29-455F-918C-0E1419870203}.Debug|Any CPU.ActiveCfg = Debug|Any CPU
		{8D62CF22-DB29-455F-918C-0E1419870203}.Debug|Any CPU.Build.0 = Debug|Any CPU
		{8D62CF22-DB29-455F-918C-0E1419870203}.Debug|x64.ActiveCfg = Debug|x64
		{8D62CF22-DB29-455F-918C-0E1419870203}.Debug|x64.Build.0 = Debug|x64
		{8D62CF22-DB29-455F-918C-0E1419870203}.Debug|x86.ActiveCfg = Debug|x86
		{8D62CF22-DB29-455F-918C-0E1419870203}.Debug|x86.Build.0 = Debug|x86
		{8D62CF22-DB29-455F-918C-0E1419870203}.Release|Any CPU.ActiveCfg = Release|x64
		{8D62CF22-DB29-455F-918C-0E1419870203}.Release|Any CPU.Build.0 = Release|x64
		{8D62CF22-DB29-455F-918C-0E1419870203}.Release|x64.ActiveCfg = Release|x64
		{8D62CF22-DB29-455F-918C-0E1419870203}.Release|x64.Build.0 = Release|x64
		{8D62CF22-DB29-455F-918C-0E1419870203}.Release|x86.ActiveCfg = Release|x86
		{8D62CF22-DB29-455F-918C-0E1419870203}.Release|x86.Build.0 = Release|x86
		{6431CF13-7A7B-4602-B96A-47CDA6F0B008}.Debug|Any CPU.ActiveCfg = Debug|Any CPU
		{6431CF13-7A7B-4602-B96A-47CDA6F0B008}.Debug|Any CPU.Build.0 = Debug|Any CPU
		{6431CF13-7A7B-4602-B96A-47CDA6F0B008}.Debug|x64.ActiveCfg = Debug|x64
		{6431CF13-7A7B-4602-B96A-47CDA6F0B008}.Debug|x64.Build.0 = Debug|x64
		{6431CF13-7A7B-4602-B96A-47CDA6F0B008}.Debug|x86.ActiveCfg = Debug|x86
		{6431CF13-7A7B-4602-B96A-47CDA6F0B008}.Debug|x86.Build.0 = Debug|x86
		{6431CF13-7A7B-4602-B96A-47CDA6F0B008}.Release|Any CPU.ActiveCfg = Release|x64
		{6431CF13-7A7B-4602-B96A-47CDA6F0B008}.Release|Any CPU.Build.0 = Release|x64
		{6431CF13-7A7B-4602-B96A-47CDA6F0B008}.Release|x64.ActiveCfg = Release|x64
		{6431CF13-7A7B-4602-B96A-47CDA6F0B008}.Release|x64.Build.0 = Release|x64
		{6431CF13-7A7B-4602-B96A-47CDA6F0B008}.Release|x86.ActiveCfg = Release|x86
		{6431CF13-7A7B-4602-B96A-47CDA6F0B008}.Release|x86.Build.0 = Release|x86
	EndGlobalSection
	GlobalSection(SolutionProperties) = preSolution
		HideSolutionNode = FALSE
	EndGlobalSection
EndGlobal
